
Microsoft Visual Studio Solution File, Format Version 12.00
# Visual Studio Version 17
VisualStudioVersion = 17.10.35122.118
MinimumVisualStudioVersion = 10.0.40219.1
Project("{FAE04EC0-301F-11D3-BF4B-00C04F79EFBC}") = "ApiDayOne", "ApiDayOne\ApiDayOne.csproj", "{8630AD75-E6CD-4EFE-BB25-F81D98C5D8F2}"
EndProject
Global
	GlobalSection(SolutionConfigurationPlatforms) = preSolution
		Debug|Any CPU = Debug|Any CPU
		Release|Any CPU = Release|Any CPU
	EndGlobalSection
	GlobalSection(ProjectConfigurationPlatforms) = postSolution
		{8630AD75-E6CD-4EFE-BB25-F81D98C5D8F2}.Debug|Any CPU.ActiveCfg = Debug|Any CPU
		{8630AD75-E6CD-4EFE-BB25-F81D98C5D8F2}.Debug|Any CPU.Build.0 = Debug|Any CPU
		{8630AD75-E6CD-4EFE-BB25-F81D98C5D8F2}.Release|Any CPU.ActiveCfg = Release|Any CPU
		{8630AD75-E6CD-4EFE-BB25-F81D98C5D8F2}.Release|Any CPU.Build.0 = Release|Any CPU
	EndGlobalSection
	GlobalSection(SolutionProperties) = preSolution
		HideSolutionNode = FALSE
	EndGlobalSection
	GlobalSection(ExtensibilityGlobals) = postSolution
		SolutionGuid = {580B90D0-690C-4048-B271-3DE1635BD221}
	EndGlobalSection
EndGlobal
